<?xml version="1.0" encoding="UTF-8"?>
<CodeBlocks_project_file>
	<FileVersion major="1" minor="6"/>
	<Project>
		<Option title="codes"/>
		<Option makefile_is_custom="1"/>
		<Option compiler="gcc"/>
		<Option virtualFolders="CMake Files\;CMake Files\..\;CMake Files\..\..\;CMake Files\..\..\..\;CMake Files\..\..\..\..\;CMake Files\..\..\..\..\..\;CMake Files\..\..\..\..\..\usr\;CMake Files\..\..\..\..\..\usr\lib\;CMake Files\..\..\..\..\..\usr\lib\x86_64-linux-gnu\;CMake Files\..\..\..\..\..\usr\lib\x86_64-linux-gnu\cmake\;CMake Files\..\..\..\..\..\usr\lib\x86_64-linux-gnu\cmake\CGAL\;"/>
		<Build>
			<Target title="all">
				<Option working_dir="/home/yww/OOP/code_reading/codes"/>
				<Option type="4"/>
				<MakeCommands>
					<Build command="/usr/bin/make -f &quot;/home/yww/OOP/code_reading/codes/Makefile&quot;  VERBOSE=1 all"/>
					<CompileFile command="/usr/bin/make -f &quot;/home/yww/OOP/code_reading/codes/Makefile&quot;  VERBOSE=1 &quot;$file&quot;"/>
					<Clean command="/usr/bin/make -f &quot;/home/yww/OOP/code_reading/codes/Makefile&quot;  VERBOSE=1 clean"/>
					<DistClean command="/usr/bin/make -f &quot;/home/yww/OOP/code_reading/codes/Makefile&quot;  VERBOSE=1 clean"/>
				</MakeCommands>
			</Target>
			<Target title="rebuild_cache">
				<Option working_dir="/home/yww/OOP/code_reading/codes"/>
				<Option type="4"/>
				<MakeCommands>
					<Build command="/usr/bin/make -f &quot;/home/yww/OOP/code_reading/codes/Makefile&quot;  VERBOSE=1 rebuild_cache"/>
					<CompileFile command="/usr/bin/make -f &quot;/home/yww/OOP/code_reading/codes/Makefile&quot;  VERBOSE=1 &quot;$file&quot;"/>
					<Clean command="/usr/bin/make -f &quot;/home/yww/OOP/code_reading/codes/Makefile&quot;  VERBOSE=1 clean"/>
					<DistClean command="/usr/bin/make -f &quot;/home/yww/OOP/code_reading/codes/Makefile&quot;  VERBOSE=1 clean"/>
				</MakeCommands>
			</Target>
			<Target title="codes">
				<Option output="/home/yww/OOP/code_reading/codes/codes" prefix_auto="0" extension_auto="0"/>
				<Option working_dir="/home/yww/OOP/code_reading/codes"/>
				<Option object_output="./"/>
				<Option type="1"/>
				<Option compiler="gcc"/>
				<Compiler>
					<Add option="-DCGAL_USE_MPFR"/>
					<Add option="-DCGAL_USE_GMPXX"/>
					<Add option="-DCGAL_USE_GMP"/>
					<Add directory="/home/yww/OOP/code_reading/codes"/>
				</Compiler>
				<MakeCommands>
					<Build command="/usr/bin/make -f &quot;/home/yww/OOP/code_reading/codes/Makefile&quot;  VERBOSE=1 codes"/>
					<CompileFile command="/usr/bin/make -f &quot;/home/yww/OOP/code_reading/codes/Makefile&quot;  VERBOSE=1 &quot;$file&quot;"/>
					<Clean command="/usr/bin/make -f &quot;/home/yww/OOP/code_reading/codes/Makefile&quot;  VERBOSE=1 clean"/>
					<DistClean command="/usr/bin/make -f &quot;/home/yww/OOP/code_reading/codes/Makefile&quot;  VERBOSE=1 clean"/>
				</MakeCommands>
			</Target>
			<Target title="codes/fast">
				<Option output="/home/yww/OOP/code_reading/codes/codes" prefix_auto="0" extension_auto="0"/>
				<Option working_dir="/home/yww/OOP/code_reading/codes"/>
				<Option object_output="./"/>
				<Option type="1"/>
				<Option compiler="gcc"/>
				<Compiler>
					<Add option="-DCGAL_USE_MPFR"/>
					<Add option="-DCGAL_USE_GMPXX"/>
					<Add option="-DCGAL_USE_GMP"/>
					<Add directory="/home/yww/OOP/code_reading/codes"/>
				</Compiler>
				<MakeCommands>
					<Build command="/usr/bin/make -f &quot;/home/yww/OOP/code_reading/codes/Makefile&quot;  VERBOSE=1 codes/fast"/>
					<CompileFile command="/usr/bin/make -f &quot;/home/yww/OOP/code_reading/codes/Makefile&quot;  VERBOSE=1 &quot;$file&quot;"/>
					<Clean command="/usr/bin/make -f &quot;/home/yww/OOP/code_reading/codes/Makefile&quot;  VERBOSE=1 clean"/>
					<DistClean command="/usr/bin/make -f &quot;/home/yww/OOP/code_reading/codes/Makefile&quot;  VERBOSE=1 clean"/>
				</MakeCommands>
			</Target>
			<Target title="edit_cache">
				<Option working_dir="/home/yww/OOP/code_reading/codes"/>
				<Option type="4"/>
				<MakeCommands>
					<Build command="/usr/bin/make -f &quot;/home/yww/OOP/code_reading/codes/Makefile&quot;  VERBOSE=1 edit_cache"/>
					<CompileFile command="/usr/bin/make -f &quot;/home/yww/OOP/code_reading/codes/Makefile&quot;  VERBOSE=1 &quot;$file&quot;"/>
					<Clean command="/usr/bin/make -f &quot;/home/yww/OOP/code_reading/codes/Makefile&quot;  VERBOSE=1 clean"/>
					<DistClean command="/usr/bin/make -f &quot;/home/yww/OOP/code_reading/codes/Makefile&quot;  VERBOSE=1 clean"/>
				</MakeCommands>
			</Target>
		</Build>
		<Unit filename="/home/yww/OOP/code_reading/codes/example/array_convex_hull_2.cpp">
			<Option target="codes"/>
		</Unit>
		<Unit filename="/home/yww/OOP/code_reading/codes/example/convex_hull_yz.cpp">
			<Option target="codes"/>
		</Unit>
		<Unit filename="/home/yww/OOP/code_reading/codes/example/exact.cpp">
			<Option target="codes"/>
		</Unit>
		<Unit filename="/home/yww/OOP/code_reading/codes/example/points_and_segment.cpp">
			<Option target="codes"/>
		</Unit>
		<Unit filename="/home/yww/OOP/code_reading/codes/example/surprising.cpp">
			<Option target="codes"/>
		</Unit>
		<Unit filename="/home/yww/OOP/code_reading/codes/example/vector_convex_hull_2.cpp">
			<Option target="codes"/>
		</Unit>
		<Unit filename="/home/yww/OOP/code_reading/codes/main.cpp">
			<Option target="codes"/>
		</Unit>
		<Unit filename="/home/yww/OOP/code_reading/codes/CMakeLists.txt">
			<Option virtualFolder="CMake Files\"/>
		</Unit>
		<Unit filename="/home/yww/OOP/code_reading/codes/../../../../../usr/lib/x86_64-linux-gnu/cmake/CGAL/CGALConfig.cmake">
			<Option virtualFolder="CMake Files\..\..\..\..\..\usr\lib\x86_64-linux-gnu\cmake\CGAL\"/>
		</Unit>
		<Unit filename="/home/yww/OOP/code_reading/codes/../../../../../usr/lib/x86_64-linux-gnu/cmake/CGAL/CGALConfigVersion.cmake">
			<Option virtualFolder="CMake Files\..\..\..\..\..\usr\lib\x86_64-linux-gnu\cmake\CGAL\"/>
		</Unit>
		<Unit filename="/home/yww/OOP/code_reading/codes/../../../../../usr/lib/x86_64-linux-gnu/cmake/CGAL/CGALExports-release.cmake">
			<Option virtualFolder="CMake Files\..\..\..\..\..\usr\lib\x86_64-linux-gnu\cmake\CGAL\"/>
		</Unit>
		<Unit filename="/home/yww/OOP/code_reading/codes/../../../../../usr/lib/x86_64-linux-gnu/cmake/CGAL/CGALExports.cmake">
			<Option virtualFolder="CMake Files\..\..\..\..\..\usr\lib\x86_64-linux-gnu\cmake\CGAL\"/>
		</Unit>
		<Unit filename="/home/yww/OOP/code_reading/codes/../../../../../usr/lib/x86_64-linux-gnu/cmake/CGAL/CGALLibConfig.cmake">
			<Option virtualFolder="CMake Files\..\..\..\..\..\usr\lib\x86_64-linux-gnu\cmake\CGAL\"/>
		</Unit>
		<Unit filename="/home/yww/OOP/code_reading/codes/../../../../../usr/lib/x86_64-linux-gnu/cmake/CGAL/CGAL_Common.cmake">
			<Option virtualFolder="CMake Files\..\..\..\..\..\usr\lib\x86_64-linux-gnu\cmake\CGAL\"/>
		</Unit>
		<Unit filename="/home/yww/OOP/code_reading/codes/../../../../../usr/lib/x86_64-linux-gnu/cmake/CGAL/CGAL_GeneratorSpecificSettings.cmake">
			<Option virtualFolder="CMake Files\..\..\..\..\..\usr\lib\x86_64-linux-gnu\cmake\CGAL\"/>
		</Unit>
		<Unit filename="/home/yww/OOP/code_reading/codes/../../../../../usr/lib/x86_64-linux-gnu/cmake/CGAL/CGAL_Macros.cmake">
			<Option virtualFolder="CMake Files\..\..\..\..\..\usr\lib\x86_64-linux-gnu\cmake\CGAL\"/>
		</Unit>
		<Unit filename="/home/yww/OOP/code_reading/codes/../../../../../usr/lib/x86_64-linux-gnu/cmake/CGAL/CGAL_SetupFlags.cmake">
			<Option virtualFolder="CMake Files\..\..\..\..\..\usr\lib\x86_64-linux-gnu\cmake\CGAL\"/>
		</Unit>
		<Unit filename="/home/yww/OOP/code_reading/codes/../../../../../usr/lib/x86_64-linux-gnu/cmake/CGAL/CGAL_TweakFindBoost.cmake">
			<Option virtualFolder="CMake Files\..\..\..\..\..\usr\lib\x86_64-linux-gnu\cmake\CGAL\"/>
		</Unit>
		<Unit filename="/home/yww/OOP/code_reading/codes/../../../../../usr/lib/x86_64-linux-gnu/cmake/CGAL/CGAL_VersionUtils.cmake">
			<Option virtualFolder="CMake Files\..\..\..\..\..\usr\lib\x86_64-linux-gnu\cmake\CGAL\"/>
		</Unit>
		<Unit filename="/home/yww/OOP/code_reading/codes/../../../../../usr/lib/x86_64-linux-gnu/cmake/CGAL/UseCGAL.cmake">
			<Option virtualFolder="CMake Files\..\..\..\..\..\usr\lib\x86_64-linux-gnu\cmake\CGAL\"/>
		</Unit>
	</Project>
</CodeBlocks_project_file>
